
Microsoft Visual Studio Solution File, Format Version 12.00
# Visual Studio 14
VisualStudioVersion = 14.0.23107.0
MinimumVisualStudioVersion = 10.0.40219.1
Project("{FAE04EC0-301F-11D3-BF4B-00C04F79EFBC}") = "Cronometro", "Cronometro\Cronometro.csproj", "{12E5E530-CA51-4B32-8187-C165E671DE66}"
EndProject
Global
	GlobalSection(SolutionConfigurationPlatforms) = preSolution
		Debug|Any CPU = Debug|Any CPU
		Release|Any CPU = Release|Any CPU
	EndGlobalSection
	GlobalSection(ProjectConfigurationPlatforms) = postSolution
		{12E5E530-CA51-4B32-8187-C165E671DE66}.Debug|Any CPU.ActiveCfg = Debug|Any CPU
		{12E5E530-CA51-4B32-8187-C165E671DE66}.Debug|Any CPU.Build.0 = Debug|Any CPU
		{12E5E530-CA51-4B32-8187-C165E671DE66}.Release|Any CPU.ActiveCfg = Release|Any CPU
		{12E5E530-CA51-4B32-8187-C165E671DE66}.Release|Any CPU.Build.0 = Release|Any CPU
	EndGlobalSection
	GlobalSection(SolutionProperties) = preSolution
		HideSolutionNode = FALSE
	EndGlobalSection
EndGlobal
